
Microsoft Visual Studio Solution File, Format Version 12.00
# Visual Studio Version 17
VisualStudioVersion = 17.6.33829.357
MinimumVisualStudioVersion = 10.0.40219.1
Project("{FAE04EC0-301F-11D3-BF4B-00C04F79EFBC}") = "OrgOffering", "OrgOffering\OrgOffering.csproj", "{B1E5E18E-3A71-4E84-AEF9-4B52F39B5237}"
EndProject
Global
	GlobalSection(SolutionConfigurationPlatforms) = preSolution
		Debug|Any CPU = Debug|Any CPU
		Release|Any CPU = Release|Any CPU
	EndGlobalSection
	GlobalSection(ProjectConfigurationPlatforms) = postSolution
		{B1E5E18E-3A71-4E84-AEF9-4B52F39B5237}.Debug|Any CPU.ActiveCfg = Debug|Any CPU
		{B1E5E18E-3A71-4E84-AEF9-4B52F39B5237}.Debug|Any CPU.Build.0 = Debug|Any CPU
		{B1E5E18E-3A71-4E84-AEF9-4B52F39B5237}.Release|Any CPU.ActiveCfg = Release|Any CPU
		{B1E5E18E-3A71-4E84-AEF9-4B52F39B5237}.Release|Any CPU.Build.0 = Release|Any CPU
	EndGlobalSection
	GlobalSection(SolutionProperties) = preSolution
		HideSolutionNode = FALSE
	EndGlobalSection
	GlobalSection(ExtensibilityGlobals) = postSolution
		SolutionGuid = {33D179A4-5D00-4870-989C-5DBE95FEBF9A}
	EndGlobalSection
EndGlobal
